[[package]]
name = "black"
version = "22.10.0"
description = "The uncompromising code formatter."
category = "dev"
optional = false
python-versions = ">=3.7"

[package.dependencies]
click = ">=8.0.0"
mypy-extensions = ">=0.4.3"
pathspec = ">=0.9.0"
platformdirs = ">=2"
tomli = {version = ">=1.1.0", markers = "python_full_version < \"3.11.0a7\""}
typed-ast = {version = ">=1.4.2", markers = "python_version < \"3.8\" and implementation_name == \"cpython\""}
typing-extensions = {version = ">=3.10.0.0", markers = "python_version < \"3.10\""}

[package.extras]
colorama = ["colorama (>=0.4.3)"]
d = ["aiohttp (>=3.7.4)"]
jupyter = ["ipython (>=7.8.0)", "tokenize-rt (>=3.2.0)"]
uvloop = ["uvloop (>=0.15.2)"]

[[package]]
name = "cffi"
version = "1.15.1"
description = "Foreign Function Interface for Python calling C code."
category = "main"
optional = false
python-versions = "*"

[package.dependencies]
pycparser = "*"

[[package]]
name = "click"
version = "8.1.3"
description = "Composable command line interface toolkit"
category = "dev"
optional = false
python-versions = ">=3.7"

[package.dependencies]
colorama = {version = "*", markers = "platform_system == \"Windows\""}
importlib-metadata = {version = "*", markers = "python_version < \"3.8\""}

[[package]]
name = "colorama"
version = "0.4.6"
description = "Cross-platform colored terminal text."
category = "dev"
optional = false
python-versions = "!=3.0.*,!=3.1.*,!=3.2.*,!=3.3.*,!=3.4.*,!=3.5.*,!=3.6.*,>=2.7"

[[package]]
name = "docstring-to-markdown"
version = "0.10"
description = "On the fly conversion of Python docstrings to markdown"
category = "dev"
optional = false
python-versions = ">=3.6"

[[package]]
name = "extism"
version = "0.0.1rc6"
description = ""
category = "main"
optional = false
python-versions = ">=3.7,<4.0"

[package.dependencies]
cffi = ">=1.10.0,<2.0.0"

[[package]]
name = "importlib-metadata"
version = "5.0.0"
description = "Read metadata from Python packages"
category = "dev"
optional = false
python-versions = ">=3.7"

[package.dependencies]
typing-extensions = {version = ">=3.6.4", markers = "python_version < \"3.8\""}
zipp = ">=0.5"

[package.extras]
docs = ["sphinx (>=3.5)", "jaraco.packaging (>=9)", "rst.linker (>=1.9)", "furo", "jaraco.tidelift (>=1.4)"]
perf = ["ipython"]
testing = ["pytest (>=6)", "pytest-checkdocs (>=2.4)", "pytest-flake8", "flake8 (<5)", "pytest-cov", "pytest-enabler (>=1.3)", "packaging", "pyfakefs", "flufl.flake8", "pytest-perf (>=0.9.2)", "pytest-black (>=0.3.7)", "pytest-mypy (>=0.9.1)", "importlib-resources (>=1.3)"]

[[package]]
name = "jedi"
version = "0.18.1"
description = "An autocompletion tool for Python that can be used for text editors."
category = "dev"
optional = false
python-versions = ">=3.6"

[package.dependencies]
parso = ">=0.8.0,<0.9.0"

[package.extras]
qa = ["flake8 (==3.8.3)", "mypy (==0.782)"]
testing = ["Django (<3.1)", "colorama", "docopt", "pytest (<7.0.0)"]

[[package]]
name = "mypy-extensions"
version = "0.4.3"
description = "Experimental type system extensions for programs checked with the mypy typechecker."
category = "dev"
optional = false
python-versions = "*"

[[package]]
name = "parso"
version = "0.8.3"
description = "A Python Parser"
category = "dev"
optional = false
python-versions = ">=3.6"

[package.extras]
qa = ["flake8 (==3.8.3)", "mypy (==0.782)"]
testing = ["docopt", "pytest (<6.0.0)"]

[[package]]
name = "pathspec"
version = "0.10.2"
description = "Utility library for gitignore style pattern matching of file paths."
category = "dev"
optional = false
python-versions = ">=3.7"

[[package]]
name = "platformdirs"
version = "2.5.4"
description = "A small Python package for determining appropriate platform-specific dirs, e.g. a \"user data dir\"."
category = "dev"
optional = false
python-versions = ">=3.7"

[package.extras]
docs = ["furo (>=2022.9.29)", "proselint (>=0.13)", "sphinx-autodoc-typehints (>=1.19.4)", "sphinx (>=5.3)"]
test = ["appdirs (==1.4.4)", "pytest-cov (>=4)", "pytest-mock (>=3.10)", "pytest (>=7.2)"]

[[package]]
name = "pluggy"
version = "1.0.0"
description = "plugin and hook calling mechanisms for python"
category = "dev"
optional = false
python-versions = ">=3.6"

[package.dependencies]
importlib-metadata = {version = ">=0.12", markers = "python_version < \"3.8\""}

[package.extras]
dev = ["pre-commit", "tox"]
testing = ["pytest", "pytest-benchmark"]

[[package]]
name = "pycparser"
version = "2.21"
description = "C parser in Python"
category = "main"
optional = false
python-versions = ">=2.7, !=3.0.*, !=3.1.*, !=3.2.*, !=3.3.*"

[[package]]
name = "python-lsp-jsonrpc"
version = "1.0.0"
description = "JSON RPC 2.0 server library"
category = "dev"
optional = false
python-versions = "*"

[package.dependencies]
ujson = ">=3.0.0"

[package.extras]
test = ["pylint", "pycodestyle", "pyflakes", "pytest", "pytest-cov", "coverage"]

[[package]]
name = "python-lsp-server"
version = "1.6.0"
description = "Python Language Server for the Language Server Protocol"
category = "dev"
optional = false
python-versions = ">=3.7"

[package.dependencies]
docstring-to-markdown = "*"
jedi = ">=0.17.2,<0.19.0"
pluggy = ">=1.0.0"
python-lsp-jsonrpc = ">=1.0.0"
ujson = ">=3.0.0"

[package.extras]
all = ["autopep8 (>=1.6.0,<1.7.0)", "flake8 (>=5.0.0,<5.1.0)", "mccabe (>=0.7.0,<0.8.0)", "pycodestyle (>=2.9.0,<2.10.0)", "pydocstyle (>=2.0.0)", "pyflakes (>=2.5.0,<2.6.0)", "pylint (>=2.5.0)", "rope (>=0.10.5)", "yapf", "whatthepatch"]
autopep8 = ["autopep8 (>=1.6.0,<1.7.0)"]
flake8 = ["flake8 (>=5.0.0,<5.1.0)"]
mccabe = ["mccabe (>=0.7.0,<0.8.0)"]
pycodestyle = ["pycodestyle (>=2.9.0,<2.10.0)"]
pydocstyle = ["pydocstyle (>=2.0.0)"]
pyflakes = ["pyflakes (>=2.5.0,<2.6.0)"]
pylint = ["pylint (>=2.5.0)"]
rope = ["rope (>0.10.5)"]
test = ["pylint (>=2.5.0)", "pytest", "pytest-cov", "coverage", "numpy", "pandas", "matplotlib", "pyqt5", "flaky"]
websockets = ["websockets (>=10.3)"]
yapf = ["yapf", "whatthepatch (>=1.0.2,<2.0.0)"]

[[package]]
name = "tomli"
version = "2.0.1"
description = "A lil' TOML parser"
category = "dev"
optional = false
python-versions = ">=3.7"

[[package]]
name = "typed-ast"
version = "1.5.4"
description = "a fork of Python 2 and 3 ast modules with type comment support"
category = "dev"
optional = false
python-versions = ">=3.6"

[[package]]
name = "typing-extensions"
version = "4.4.0"
description = "Backported and Experimental Type Hints for Python 3.7+"
category = "dev"
optional = false
python-versions = ">=3.7"

[[package]]
name = "ujson"
version = "5.5.0"
description = "Ultra fast JSON encoder and decoder for Python"
category = "dev"
optional = false
python-versions = ">=3.7"

[[package]]
name = "zipp"
version = "3.10.0"
description = "Backport of pathlib-compatible object wrapper for zip files"
category = "dev"
optional = false
python-versions = ">=3.7"

[package.extras]
docs = ["sphinx (>=3.5)", "jaraco.packaging (>=9)", "rst.linker (>=1.9)", "furo", "jaraco.tidelift (>=1.4)"]
testing = ["pytest (>=6)", "pytest-checkdocs (>=2.4)", "pytest-flake8", "flake8 (<5)", "pytest-cov", "pytest-enabler (>=1.3)", "jaraco.itertools", "func-timeout", "jaraco.functools", "more-itertools", "pytest-black (>=0.3.7)", "pytest-mypy (>=0.9.1)"]

[metadata]
lock-version = "1.1"
python-versions = "^3.7"
content-hash = "c85d0e533de36770ff83222e28776cdc202fab0882f06cd3d68d12e4aeec5199"

[metadata.files]
black = []
cffi = []
click = []
colorama = []
docstring-to-markdown = []
extism = []
importlib-metadata = []
jedi = [
    {file = "jedi-0.18.1-py2.py3-none-any.whl", hash = "sha256:637c9635fcf47945ceb91cd7f320234a7be540ded6f3e99a50cb6febdfd1ba8d"},
    {file = "jedi-0.18.1.tar.gz", hash = "sha256:74137626a64a99c8eb6ae5832d99b3bdd7d29a3850fe2aa80a4126b2a7d949ab"},
]
mypy-extensions = [
    {file = "mypy_extensions-0.4.3-py2.py3-none-any.whl", hash = "sha256:090fedd75945a69ae91ce1303b5824f428daf5a028d2f6ab8a299250a846f15d"},
    {file = "mypy_extensions-0.4.3.tar.gz", hash = "sha256:2d82818f5bb3e369420cb3c4060a7970edba416647068eb4c5343488a6c604a8"},
]
parso = [
    {file = "parso-0.8.3-py2.py3-none-any.whl", hash = "sha256:c001d4636cd3aecdaf33cbb40aebb59b094be2a74c556778ef5576c175e19e75"},
    {file = "parso-0.8.3.tar.gz", hash = "sha256:8c07be290bb59f03588915921e29e8a50002acaf2cdc5fa0e0114f91709fafa0"},
]
pathspec = []
platformdirs = []
pluggy = [
    {file = "pluggy-1.0.0-py2.py3-none-any.whl", hash = "sha256:74134bbf457f031a36d68416e1509f34bd5ccc019f0bcc952c7b909d06b37bd3"},
    {file = "pluggy-1.0.0.tar.gz", hash = "sha256:4224373bacce55f955a878bf9cfa763c1e360858e330072059e10bad68531159"},
]
pycparser = [
    {file = "pycparser-2.21-py2.py3-none-any.whl", hash = "sha256:8ee45429555515e1f6b185e78100aea234072576aa43ab53aefcae078162fca9"},
    {file = "pycparser-2.21.tar.gz", hash = "sha256:e644fdec12f7872f86c58ff790da456218b10f863970249516d60a5eaca77206"},
]
python-lsp-jsonrpc = [
    {file = "python-lsp-jsonrpc-1.0.0.tar.gz", hash = "sha256:7bec170733db628d3506ea3a5288ff76aa33c70215ed223abdb0d95e957660bd"},
    {file = "python_lsp_jsonrpc-1.0.0-py3-none-any.whl", hash = "sha256:079b143be64b0a378bdb21dff5e28a8c1393fe7e8a654ef068322d754e545fc7"},
]
python-lsp-server = []
tomli = [
    {file = "tomli-2.0.1-py3-none-any.whl", hash = "sha256:939de3e7a6161af0c887ef91b7d41a53e7c5a1ca976325f429cb46ea9bc30ecc"},
    {file = "tomli-2.0.1.tar.gz", hash = "sha256:de526c12914f0c550d15924c62d72abc48d6fe7364aa87328337a31007fe8a4f"},
]
typed-ast = []
typing-extensions = []
ujson = []
zipp = []
