github.com/ProtonMail/go-crypto v0.0.0-20230217124315-7d5c6f04bbb8 h1:wPbRQzjjwFc0ih8puEVAOFGELsn1zoIIYdxvML7mDxA=
github.com/ProtonMail/go-crypto v0.0.0-20230217124315-7d5c6f04bbb8/go.mod h1:I0gYDMZ6Z5GRU7l58bNFSkPTFN6Yl12dsUlAZ8xy98g=
github.com/bwesterb/go-ristretto v1.2.0/go.mod h1:fUIoIZaG73pV5biE2Blr2xEzDoMj7NFEuV9ekS419A0=
github.com/cloudflare/circl v1.1.0/go.mod h1:prBCrKB9DV4poKZY1l9zBXg2QJY7mvgRvtMxxK7fi4I=
github.com/cloudflare/circl v1.3.3 h1:fE/Qz0QdIGqeWfnwq0RE0R7MI51s0M2E4Ga9kq5AEMs=
github.com/cloudflare/circl v1.3.3/go.mod h1:5XYMA4rFBvNIrhs50XuiBJ15vF2pZn4nnUKZrLbUZFA=
github.com/cpuguy83/go-md2man/v2 v2.0.2/go.mod h1:tgQtvFlXSQOSOSIRvRPT7W67SCa46tRHOmNcaadrF8o=
github.com/davecgh/go-spew v1.1.1 h1:vj9j/u1bqnvCEfJOwUhtlOARqs3+rkHYY13jYWTU97c=
github.com/ebitengine/purego v0.4.0 h1:RQVuMIxQPQ5iCGEJvjQ17YOK+1tMKjVau2FUMvXH4HE=
github.com/ebitengine/purego v0.4.0/go.mod h1:ah1In8AOtksoNK6yk5z1HTJeUkC1Ez4Wk2idgGslMwQ=
github.com/extism/cli v0.3.0 h1:o25toFiLNe+x5VvTeCdmdSc9wRzzeHyL3ATL8xEGVeY=
github.com/extism/cli v0.3.0/go.mod h1:OE8YOuZxnV3g8SR6R3KNP9ziSH+2xJwBXuf0xLXxLOA=
github.com/extism/cli v0.3.1-0.20231014144908-9e2d6c2cfa56 h1:5FtzgTLpe9tfhhMjqaR45bCVnCccd/0TdUWMKDSzmAg=
github.com/extism/cli v0.3.1-0.20231014144908-9e2d6c2cfa56/go.mod h1:/ntVkZPTbNh/SjkO5OkTlDmaIt5/UOIy/yKjPcEpM9Y=
github.com/extism/cli v0.3.1 h1:dqB8w0cpqH/LdKkbMidOiKYEld30Xep4BQ5jhAi0clQ=
github.com/extism/cli v0.3.1/go.mod h1:/ntVkZPTbNh/SjkO5OkTlDmaIt5/UOIy/yKjPcEpM9Y=
github.com/extism/cli v0.3.2-0.20231030184635-062543b4db70 h1:ivPuwmwCEcIZ9MbGKuFwdjk5h46pYtbBmABGNCDgOL8=
github.com/extism/cli v0.3.2-0.20231030184635-062543b4db70/go.mod h1:KlP/U4fsZBEhQ7FvUloNtU5TMNZHqTNNRb6Y7ogzLnQ=
github.com/extism/cli v0.3.2-0.20231106223642-885dc35c9283 h1:p3ZH2vU/vZH0du/KqND8M2zP1Vkt0heL+1bnKxv1/xQ=
github.com/extism/cli v0.3.2-0.20231106223642-885dc35c9283/go.mod h1:KlP/U4fsZBEhQ7FvUloNtU5TMNZHqTNNRb6Y7ogzLnQ=
github.com/extism/cli v0.3.3-0.20231107022715-032ab667acc2 h1:Ga1xlyITwRA8KIOn0miLdFhsdv35Z9Dxa+f77iSmyxU=
github.com/extism/cli v0.3.3-0.20231107022715-032ab667acc2/go.mod h1:KlP/U4fsZBEhQ7FvUloNtU5TMNZHqTNNRb6Y7ogzLnQ=
github.com/extism/go-sdk v0.0.0-20231013005816-307a3b3634a4 h1:j8qtkXS9qaVXnyZsLA6exXsJIBtr5WlBFrfVSC/JRnA=
github.com/extism/go-sdk v0.0.0-20231013005816-307a3b3634a4/go.mod h1:xUfKSEQndAvHBc1Ohdre0e+UdnRzUpVfbA8QLcx4fbY=
github.com/extism/go-sdk v1.0.0-rc1 h1:R5gtEGivflyY+Gzr/umpwwrk7XJgZirn21154yWzzcI=
github.com/extism/go-sdk v1.0.0-rc1/go.mod h1:xUfKSEQndAvHBc1Ohdre0e+UdnRzUpVfbA8QLcx4fbY=
github.com/extism/go-sdk v1.0.0-rc1.0.20231030184411-8391ea75674e h1:G8lzgIDgXhRQx3CJ91S+raqa9gTOSDpMV2q0ECrDA2E=
github.com/extism/go-sdk v1.0.0-rc1.0.20231030184411-8391ea75674e/go.mod h1:xUfKSEQndAvHBc1Ohdre0e+UdnRzUpVfbA8QLcx4fbY=
github.com/gobwas/glob v0.2.3 h1:A4xDbljILXROh+kObIiy5kIaPYD8e96x1tgBhUI5J+Y=
github.com/gobwas/glob v0.2.3/go.mod h1:d3Ez4x06l9bZtSvzIay5+Yzi0fmZzPgnTbPcKjJAkT8=
github.com/google/go-cmp v0.5.2/go.mod h1:v8dTdLbMG2kIc/vJvl+f65V22dbkXbowE6jgT/gNBxE=
github.com/google/go-cmp v0.5.9 h1:O2Tfq5qg4qc4AmwVlvv0oLiVAGB7enBSJ2x2DqQFi38=
github.com/google/go-github/v55 v55.0.0 h1:4pp/1tNMB9X/LuAhs5i0KQAE40NmiR/y6prLNb9x9cg=
github.com/google/go-github/v55 v55.0.0/go.mod h1:JLahOTA1DnXzhxEymmFF5PP2tSS9JVNj68mSZNDwskA=
github.com/google/go-querystring v1.1.0 h1:AnCroh3fv4ZBgVIf1Iwtovgjaw/GiKJo8M8yD/fhyJ8=
github.com/google/go-querystring v1.1.0/go.mod h1:Kcdr2DB4koayq7X8pmAG4sNG59So17icRSOU623lUBU=
github.com/inconshreveable/mousetrap v1.1.0 h1:wN+x4NVGpMsO7ErUn/mUI3vEoE6Jt13X2s0bqwp9tc8=
github.com/inconshreveable/mousetrap v1.1.0/go.mod h1:vpF70FUmC8bwa3OWnCshd2FqLfsEA9PFc4w1p2J65bw=
github.com/pmezard/go-difflib v1.0.0 h1:4DBwDE0NGyQoBHbLQYPwSUPoCMWR5BEzIk/f1lZbAQM=
github.com/russross/blackfriday/v2 v2.1.0/go.mod h1:+Rmxgy9KzJVeS9/2gXHxylqXiyQDYRxCVz55jmeOWTM=
github.com/spf13/cobra v1.7.0 h1:hyqWnYt1ZQShIddO5kBpj3vu05/++x6tJ6dg8EC572I=
github.com/spf13/cobra v1.7.0/go.mod h1:uLxZILRyS/50WlhOIKD7W6V5bgeIt+4sICxh6uRMrb0=
github.com/spf13/pflag v1.0.5 h1:iy+VFUOCP1a+8yFto/drg2CJ5u0yRoB7fZw3DKv/JXA=
github.com/spf13/pflag v1.0.5/go.mod h1:McXfInJRrz4CZXVZOBLb0bTZqETkiAhM9Iw0y3An2Bg=
github.com/stretchr/testify v1.8.4 h1:CcVxjf3Q8PM0mHUKJCdn+eZZtm5yQwehR5yeSVQQcUk=
github.com/tetratelabs/wazero v1.3.0 h1:nqw7zCldxE06B8zSZAY0ACrR9OH5QCcPwYmYlwtcwtE=
github.com/tetratelabs/wazero v1.3.0/go.mod h1:wYx2gNRg8/WihJfSDxA1TIL8H+GkfLYm+bIfbblu9VQ=
golang.org/x/crypto v0.0.0-20210921155107-089bfa567519/go.mod h1:GvvjBRRGRdwPK5ydBHafDWAxML/pGHZbMvKqRZ5+Abc=
golang.org/x/crypto v0.12.0 h1:tFM/ta59kqch6LlvYnPa0yx5a83cL2nHflFhYKvv9Yk=
golang.org/x/crypto v0.12.0/go.mod h1:NF0Gs7EO5K4qLn+Ylc+fih8BSTeIjAP05siRnAh98yw=
golang.org/x/net v0.0.0-20210226172049-e18ecbb05110/go.mod h1:m0MpNAwzfU5UDzcl9v0D8zg8gWTRqZa9RBIspLL5mdg=
golang.org/x/sys v0.0.0-20201119102817-f84b799fce68/go.mod h1:h1NjWce9XRLGQEsW7wpKNCjG9DtNlClVuFLEZdDNbEs=
golang.org/x/sys v0.0.0-20210615035016-665e8c7367d1/go.mod h1:oPkhp1MJrh7nUepCBck5+mAzfO9JrbApNNgaTdGDITg=
golang.org/x/sys v0.0.0-20211007075335-d3039528d8ac/go.mod h1:oPkhp1MJrh7nUepCBck5+mAzfO9JrbApNNgaTdGDITg=
golang.org/x/sys v0.12.0 h1:CM0HF96J0hcLAwsHPJZjfdNzs0gftsLfgKt57wWHJ0o=
golang.org/x/sys v0.12.0/go.mod h1:oPkhp1MJrh7nUepCBck5+mAzfO9JrbApNNgaTdGDITg=
golang.org/x/term v0.0.0-20201126162022-7de9c90e9dd1/go.mod h1:bj7SfCRtBDWHUb9snDiAeCFNEtKQo2Wmx5Cou7ajbmo=
golang.org/x/text v0.3.3/go.mod h1:5Zoc/QRtKVWzQhOtBMvqHzDpF6irO9z98xDceosuGiQ=
golang.org/x/tools v0.0.0-20180917221912-90fa682c2a6e/go.mod h1:n7NCudcB/nEzxVGmLbDWY5pfWTLqBcC2KZ6jyYvM4mQ=
golang.org/x/xerrors v0.0.0-20191204190536-9bdfabe68543/go.mod h1:I/5z698sn9Ka8TeJc9MKroUUfqBBauWjQqLJ2OPfmY0=
gopkg.in/check.v1 v0.0.0-20161208181325-20d25e280405/go.mod h1:Co6ibVJAznAaIkqp8huTwlJQCZ016jof/cbN4VW5Yz0=
gopkg.in/yaml.v3 v3.0.1 h1:fxVm/GzAzEWqLHuvctI91KS9hhNmmWOoWu0XTYJS7CA=
gopkg.in/yaml.v3 v3.0.1/go.mod h1:K4uyk7z7BCEPqu6E+C64Yfv1cQ7kz7rIZviUmN+EgEM=
